// !$*UTF8*$!
{
	archiveVersion = 1;
	classes = {
	};
	objectVersion = 46;
	objects = {

/* Begin PBXBuildFile section */
		5043C4BC152C9138007FE92E /* UIKit.framework in Frameworks */ = {isa = PBXBuildFile; fileRef = 5043C4BB152C9138007FE92E /* UIKit.framework */; };
		5043C4BE152C9138007FE92E /* Foundation.framework in Frameworks */ = {isa = PBXBuildFile; fileRef = 5043C4BD152C9138007FE92E /* Foundation.framework */; };
		5043C4C0152C9138007FE92E /* CoreGraphics.framework in Frameworks */ = {isa = PBXBuildFile; fileRef = 5043C4BF152C9138007FE92E /* CoreGraphics.framework */; };
		5043C4C6152C9138007FE92E /* InfoPlist.strings in Resources */ = {isa = PBXBuildFile; fileRef = 5043C4C4152C9138007FE92E /* InfoPlist.strings */; };
		5043C4C8152C9138007FE92E /* main.m in Sources */ = {isa = PBXBuildFile; fileRef = 5043C4C7152C9138007FE92E /* main.m */; };
		5043C4CC152C9138007FE92E /* AppDelegate.m in Sources */ = {isa = PBXBuildFile; fileRef = 5043C4CB152C9138007FE92E /* AppDelegate.m */; };
		5043C4CF152C9138007FE92E /* ViewController.m in Sources */ = {isa = PBXBuildFile; fileRef = 5043C4CE152C9138007FE92E /* ViewController.m */; };
		5043C4D2152C9138007FE92E /* ViewController.xib in Resources */ = {isa = PBXBuildFile; fileRef = 5043C4D0152C9138007FE92E /* ViewController.xib */; };
		5043C4DA152C9138007FE92E /* SenTestingKit.framework in Frameworks */ = {isa = PBXBuildFile; fileRef = 5043C4D9152C9138007FE92E /* SenTestingKit.framework */; };
		5043C4DB152C9138007FE92E /* UIKit.framework in Frameworks */ = {isa = PBXBuildFile; fileRef = 5043C4BB152C9138007FE92E /* UIKit.framework */; };
		5043C4DC152C9138007FE92E /* Foundation.framework in Frameworks */ = {isa = PBXBuildFile; fileRef = 5043C4BD152C9138007FE92E /* Foundation.framework */; };
		5043C4E4152C9138007FE92E /* InfoPlist.strings in Resources */ = {isa = PBXBuildFile; fileRef = 5043C4E2152C9138007FE92E /* InfoPlist.strings */; };
		5043C4E7152C9138007FE92E /* TestTests.m in Sources */ = {isa = PBXBuildFile; fileRef = 5043C4E6152C9138007FE92E /* TestTests.m */; };
/* End PBXBuildFile section */

/* Begin PBXContainerItemProxy section */
		5043C4DD152C9138007FE92E /* PBXContainerItemProxy */ = {
			isa = PBXContainerItemProxy;
			containerPortal = 5043C4AE152C9138007FE92E /* Project object */;
			proxyType = 1;
			remoteGlobalIDString = 5043C4B6152C9138007FE92E;
			remoteInfo = Test;
		};
/* End PBXContainerItemProxy section */

/* Begin PBXFileReference section */
		5043C4B7152C9138007FE92E /* Test.app */ = {isa = PBXFileReference; explicitFileType = wrapper.application; includeInIndex = 0; path = Test.app; sourceTree = BUILT_PRODUCTS_DIR; };
		5043C4BB152C9138007FE92E /* UIKit.framework */ = {isa = PBXFileReference; lastKnownFileType = wrapper.framework; name = UIKit.framework; path = System/Library/Frameworks/UIKit.framework; sourceTree = SDKROOT; };
		5043C4BD152C9138007FE92E /* Foundation.framework */ = {isa = PBXFileReference; lastKnownFileType = wrapper.framework; name = Foundation.framework; path = System/Library/Frameworks/Foundation.framework; sourceTree = SDKROOT; };
		5043C4BF152C9138007FE92E /* CoreGraphics.framework */ = {isa = PBXFileReference; lastKnownFileType = wrapper.framework; name = CoreGraphics.framework; path = System/Library/Frameworks/CoreGraphics.framework; sourceTree = SDKROOT; };
		5043C4C3152C9138007FE92E /* Test-Info.plist */ = {isa = PBXFileReference; lastKnownFileType = text.plist.xml; path = "Test-Info.plist"; sourceTree = "<group>"; };
		5043C4C5152C9138007FE92E /* en */ = {isa = PBXFileReference; lastKnownFileType = text.plist.strings; name = en; path = en.lproj/InfoPlist.strings; sourceTree = "<group>"; };
		5043C4C7152C9138007FE92E /* main.m */ = {isa = PBXFileReference; lastKnownFileType = sourcecode.c.objc; path = main.m; sourceTree = "<group>"; };
		5043C4C9152C9138007FE92E /* Test-Prefix.pch */ = {isa = PBXFileReference; lastKnownFileType = sourcecode.c.h; path = "Test-Prefix.pch"; sourceTree = "<group>"; };
		5043C4CA152C9138007FE92E /* AppDelegate.h */ = {isa = PBXFileReference; lastKnownFileType = sourcecode.c.h; path = AppDelegate.h; sourceTree = "<group>"; };
		5043C4CB152C9138007FE92E /* AppDelegate.m */ = {isa = PBXFileReference; lastKnownFileType = sourcecode.c.objc; path = AppDelegate.m; sourceTree = "<group>"; };
		5043C4CD152C9138007FE92E /* ViewController.h */ = {isa = PBXFileReference; lastKnownFileType = sourcecode.c.h; path = ViewController.h; sourceTree = "<group>"; };
		5043C4CE152C9138007FE92E /* ViewController.m */ = {isa = PBXFileReference; lastKnownFileType = sourcecode.c.objc; path = ViewController.m; sourceTree = "<group>"; };
		5043C4D1152C9138007FE92E /* en */ = {isa = PBXFileReference; lastKnownFileType = file.xib; name = en; path = en.lproj/ViewController.xib; sourceTree = "<group>"; };
		5043C4D8152C9138007FE92E /* TestTests.octest */ = {isa = PBXFileReference; explicitFileType = wrapper.cfbundle; includeInIndex = 0; path = TestTests.octest; sourceTree = BUILT_PRODUCTS_DIR; };
		5043C4D9152C9138007FE92E /* SenTestingKit.framework */ = {isa = PBXFileReference; lastKnownFileType = wrapper.framework; name = SenTestingKit.framework; path = Library/Frameworks/SenTestingKit.framework; sourceTree = DEVELOPER_DIR; };
		5043C4E1152C9138007FE92E /* TestTests-Info.plist */ = {isa = PBXFileReference; lastKnownFileType = text.plist.xml; path = "TestTests-Info.plist"; sourceTree = "<group>"; };
		5043C4E3152C9138007FE92E /* en */ = {isa = PBXFileReference; lastKnownFileType = text.plist.strings; name = en; path = en.lproj/InfoPlist.strings; sourceTree = "<group>"; };
		5043C4E5152C9138007FE92E /* TestTests.h */ = {isa = PBXFileReference; lastKnownFileType = sourcecode.c.h; path = TestTests.h; sourceTree = "<group>"; };
		5043C4E6152C9138007FE92E /* TestTests.m */ = {isa = PBXFileReference; lastKnownFileType = sourcecode.c.objc; path = TestTests.m; sourceTree = "<group>"; };
/* End PBXFileReference section */

/* Begin PBXFrameworksBuildPhase section */
		5043C4B4152C9138007FE92E /* Frameworks */ = {
			isa = PBXFrameworksBuildPhase;
			buildActionMask = 2147483647;
			files = (
				5043C4BC152C9138007FE92E /* UIKit.framework in Frameworks */,
				5043C4BE152C9138007FE92E /* Foundation.framework in Frameworks */,
				5043C4C0152C9138007FE92E /* CoreGraphics.framework in Frameworks */,
			);
			runOnlyForDeploymentPostprocessing = 0;
		};
		5043C4D4152C9138007FE92E /* Frameworks */ = {
			isa = PBXFrameworksBuildPhase;
			buildActionMask = 2147483647;
			files = (
				5043C4DA152C9138007FE92E /* SenTestingKit.framework in Frameworks */,
				5043C4DB152C9138007FE92E /* UIKit.framework in Frameworks */,
				5043C4DC152C9138007FE92E /* Foundation.framework in Frameworks */,
			);
			runOnlyForDeploymentPostprocessing = 0;
		};
/* End PBXFrameworksBuildPhase section */

/* Begin PBXGroup section */
		5043C4AC152C9138007FE92E = {
			isa = PBXGroup;
			children = (
				5043C4C1152C9138007FE92E /* Test */,
				5043C4DF152C9138007FE92E /* TestTests */,
				5043C4BA152C9138007FE92E /* Frameworks */,
				5043C4B8152C9138007FE92E /* Products */,
			);
			sourceTree = "<group>";
		};
		5043C4B8152C9138007FE92E /* Products */ = {
			isa = PBXGroup;
			children = (
				5043C4B7152C9138007FE92E /* Test.app */,
				5043C4D8152C9138007FE92E /* TestTests.octest */,
			);
			name = Products;
			sourceTree = "<group>";
		};
		5043C4BA152C9138007FE92E /* Frameworks */ = {
			isa = PBXGroup;
			children = (
				5043C4BB152C9138007FE92E /* UIKit.framework */,
				5043C4BD152C9138007FE92E /* Foundation.framework */,
				5043C4BF152C9138007FE92E /* CoreGraphics.framework */,
				5043C4D9152C9138007FE92E /* SenTestingKit.framework */,
			);
			name = Frameworks;
			sourceTree = "<group>";
		};
		5043C4C1152C9138007FE92E /* Test */ = {
			isa = PBXGroup;
			children = (
				5043C4CA152C9138007FE92E /* AppDelegate.h */,
				5043C4CB152C9138007FE92E /* AppDelegate.m */,
				5043C4CD152C9138007FE92E /* ViewController.h */,
				5043C4CE152C9138007FE92E /* ViewController.m */,
				5043C4D0152C9138007FE92E /* ViewController.xib */,
				5043C4C2152C9138007FE92E /* Supporting Files */,
			);
			path = Test;
			sourceTree = "<group>";
		};
		5043C4C2152C9138007FE92E /* Supporting Files */ = {
			isa = PBXGroup;
			children = (
				5043C4C3152C9138007FE92E /* Test-Info.plist */,
				5043C4C4152C9138007FE92E /* InfoPlist.strings */,
				5043C4C7152C9138007FE92E /* main.m */,
				5043C4C9152C9138007FE92E /* Test-Prefix.pch */,
			);
			name = "Supporting Files";
			sourceTree = "<group>";
		};
		5043C4DF152C9138007FE92E /* TestTests */ = {
			isa = PBXGroup;
			children = (
				5043C4E5152C9138007FE92E /* TestTests.h */,
				5043C4E6152C9138007FE92E /* TestTests.m */,
				5043C4E0152C9138007FE92E /* Supporting Files */,
			);
			path = TestTests;
			sourceTree = "<group>";
		};
		5043C4E0152C9138007FE92E /* Supporting Files */ = {
			isa = PBXGroup;
			children = (
				5043C4E1152C9138007FE92E /* TestTests-Info.plist */,
				5043C4E2152C9138007FE92E /* InfoPlist.strings */,
			);
			name = "Supporting Files";
			sourceTree = "<group>";
		};
/* End PBXGroup section */

/* Begin PBXNativeTarget section */
		5043C4B6152C9138007FE92E /* Test */ = {
			isa = PBXNativeTarget;
			buildConfigurationList = 5043C4EA152C9138007FE92E /* Build configuration list for PBXNativeTarget "Test" */;
			buildPhases = (
				5043C4B3152C9138007FE92E /* Sources */,
				5043C4B4152C9138007FE92E /* Frameworks */,
				5043C4B5152C9138007FE92E /* Resources */,
			);
			buildRules = (
			);
			dependencies = (
			);
			name = Test;
			productName = Test;
			productReference = 5043C4B7152C9138007FE92E /* Test.app */;
			productType = "com.apple.product-type.application";
		};
		5043C4D7152C9138007FE92E /* TestTests */ = {
			isa = PBXNativeTarget;
			buildConfigurationList = 5043C4ED152C9138007FE92E /* Build configuration list for PBXNativeTarget "TestTests" */;
			buildPhases = (
				5043C4D3152C9138007FE92E /* Sources */,
				5043C4D4152C9138007FE92E /* Frameworks */,
				5043C4D5152C9138007FE92E /* Resources */,
				5043C4D6152C9138007FE92E /* ShellScript */,
			);
			buildRules = (
			);
			dependencies = (
				5043C4DE152C9138007FE92E /* PBXTargetDependency */,
			);
			name = TestTests;
			productName = TestTests;
			productReference = 5043C4D8152C9138007FE92E /* TestTests.octest */;
			productType = "com.apple.product-type.bundle";
		};
/* End PBXNativeTarget section */

/* Begin PBXProject section */
		5043C4AE152C9138007FE92E /* Project object */ = {
			isa = PBXProject;
			attributes = {
				LastUpgradeCheck = 0420;
			};
			buildConfigurationList = 5043C4B1152C9138007FE92E /* Build configuration list for PBXProject "Test" */;
			compatibilityVersion = "Xcode 3.2";
			developmentRegion = English;
			hasScannedForEncodings = 0;
			knownRegions = (
				en,
			);
			mainGroup = 5043C4AC152C9138007FE92E;
			productRefGroup = 5043C4B8152C9138007FE92E /* Products */;
			projectDirPath = "";
			projectRoot = "";
			targets = (
				5043C4B6152C9138007FE92E /* Test */,
				5043C4D7152C9138007FE92E /* TestTests */,
			);
		};
/* End PBXProject section */

/* Begin PBXResourcesBuildPhase section */
		5043C4B5152C9138007FE92E /* Resources */ = {
			isa = PBXResourcesBuildPhase;
			buildActionMask = 2147483647;
			files = (
				5043C4C6152C9138007FE92E /* InfoPlist.strings in Resources */,
				5043C4D2152C9138007FE92E /* ViewController.xib in Resources */,
			);
			runOnlyForDeploymentPostprocessing = 0;
		};
		5043C4D5152C9138007FE92E /* Resources */ = {
			isa = PBXResourcesBuildPhase;
			buildActionMask = 2147483647;
			files = (
				5043C4E4152C9138007FE92E /* InfoPlist.strings in Resources */,
			);
			runOnlyForDeploymentPostprocessing = 0;
		};
/* End PBXResourcesBuildPhase section */

/* Begin PBXShellScriptBuildPhase section */
		5043C4D6152C9138007FE92E /* ShellScript */ = {
			isa = PBXShellScriptBuildPhase;
			buildActionMask = 2147483647;
			files = (
			);
			inputPaths = (
			);
			outputPaths = (
			);
			runOnlyForDeploymentPostprocessing = 0;
			shellPath = /bin/sh;
			shellScript = "# Run the unit tests in this test bundle.\n\"${SYSTEM_DEVELOPER_DIR}/Tools/RunUnitTests\"\n";
		};
/* End PBXShellScriptBuildPhase section */

/* Begin PBXSourcesBuildPhase section */
		5043C4B3152C9138007FE92E /* Sources */ = {
			isa = PBXSourcesBuildPhase;
			buildActionMask = 2147483647;
			files = (
				5043C4C8152C9138007FE92E /* main.m in Sources */,
				5043C4CC152C9138007FE92E /* AppDelegate.m in Sources */,
				5043C4CF152C9138007FE92E /* ViewController.m in Sources */,
			);
			runOnlyForDeploymentPostprocessing = 0;
		};
		5043C4D3152C9138007FE92E /* Sources */ = {
			isa = PBXSourcesBuildPhase;
			buildActionMask = 2147483647;
			files = (
				5043C4E7152C9138007FE92E /* TestTests.m in Sources */,
			);
			runOnlyForDeploymentPostprocessing = 0;
		};
/* End PBXSourcesBuildPhase section */

/* Begin PBXTargetDependency section */
		5043C4DE152C9138007FE92E /* PBXTargetDependency */ = {
			isa = PBXTargetDependency;
			target = 5043C4B6152C9138007FE92E /* Test */;
			targetProxy = 5043C4DD152C9138007FE92E /* PBXContainerItemProxy */;
		};
/* End PBXTargetDependency section */

/* Begin PBXVariantGroup section */
		5043C4C4152C9138007FE92E /* InfoPlist.strings */ = {
			isa = PBXVariantGroup;
			children = (
				5043C4C5152C9138007FE92E /* en */,
			);
			name = InfoPlist.strings;
			sourceTree = "<group>";
		};
		5043C4D0152C9138007FE92E /* ViewController.xib */ = {
			isa = PBXVariantGroup;
			children = (
				5043C4D1152C9138007FE92E /* en */,
			);
			name = ViewController.xib;
			sourceTree = "<group>";
		};
		5043C4E2152C9138007FE92E /* InfoPlist.strings */ = {
			isa = PBXVariantGroup;
			children = (
				5043C4E3152C9138007FE92E /* en */,
			);
			name = InfoPlist.strings;
			sourceTree = "<group>";
		};
/* End PBXVariantGroup section */

/* Begin XCBuildConfiguration section */
		5043C4E8152C9138007FE92E /* Debug */ = {
			isa = XCBuildConfiguration;
			buildSettings = {
				ALWAYS_SEARCH_USER_PATHS = NO;
				ARCHS = "$(ARCHS_STANDARD_32_BIT)";
				CLANG_ENABLE_OBJC_ARC = YES;
				"CODE_SIGN_IDENTITY[sdk=iphoneos*]" = "iPhone Developer";
				COPY_PHASE_STRIP = NO;
				GCC_C_LANGUAGE_STANDARD = gnu99;
				GCC_DYNAMIC_NO_PIC = NO;
				GCC_OPTIMIZATION_LEVEL = 0;
				GCC_PREPROCESSOR_DEFINITIONS = (
					"DEBUG=1",
					"$(inherited)",
				);
				GCC_SYMBOLS_PRIVATE_EXTERN = NO;
				GCC_VERSION = com.apple.compilers.llvm.clang.1_0;
				GCC_WARN_ABOUT_MISSING_PROTOTYPES = YES;
				GCC_WARN_ABOUT_RETURN_TYPE = YES;
				GCC_WARN_UNUSED_VARIABLE = YES;
				IPHONEOS_DEPLOYMENT_TARGET = 5.0;
				SDKROOT = iphoneos;
			};
			name = Debug;
		};
		5043C4E9152C9138007FE92E /* Release */ = {
			isa = XCBuildConfiguration;
			buildSettings = {
				ALWAYS_SEARCH_USER_PATHS = NO;
				ARCHS = "$(ARCHS_STANDARD_32_BIT)";
				CLANG_ENABLE_OBJC_ARC = YES;
				"CODE_SIGN_IDENTITY[sdk=iphoneos*]" = "iPhone Developer";
				COPY_PHASE_STRIP = YES;
				GCC_C_LANGUAGE_STANDARD = gnu99;
				GCC_VERSION = com.apple.compilers.llvm.clang.1_0;
				GCC_WARN_ABOUT_MISSING_PROTOTYPES = YES;
				GCC_WARN_ABOUT_RETURN_TYPE = YES;
				GCC_WARN_UNUSED_VARIABLE = YES;
				IPHONEOS_DEPLOYMENT_TARGET = 5.0;
				OTHER_CFLAGS = "-DNS_BLOCK_ASSERTIONS=1";
				SDKROOT = iphoneos;
				VALIDATE_PRODUCT = YES;
			};
			name = Release;
		};
		5043C4EB152C9138007FE92E /* Debug */ = {
			isa = XCBuildConfiguration;
			buildSettings = {
				GCC_PRECOMPILE_PREFIX_HEADER = YES;
				GCC_PREFIX_HEADER = "Test/Test-Prefix.pch";
				INFOPLIST_FILE = "Test/Test-Info.plist";
				PRODUCT_NAME = "$(TARGET_NAME)";
				WRAPPER_EXTENSION = app;
			};
			name = Debug;
		};
		5043C4EC152C9138007FE92E /* Release */ = {
			isa = XCBuildConfiguration;
			buildSettings = {
				GCC_PRECOMPILE_PREFIX_HEADER = YES;
				GCC_PREFIX_HEADER = "Test/Test-Prefix.pch";
				INFOPLIST_FILE = "Test/Test-Info.plist";
				PRODUCT_NAME = "$(TARGET_NAME)";
				WRAPPER_EXTENSION = app;
			};
			name = Release;
		};
		5043C4EE152C9138007FE92E /* Debug */ = {
			isa = XCBuildConfiguration;
			buildSettings = {
				BUNDLE_LOADER = "$(BUILT_PRODUCTS_DIR)/Test.app/Test";
				FRAMEWORK_SEARCH_PATHS = (
					"$(SDKROOT)/Developer/Library/Frameworks",
					"$(DEVELOPER_LIBRARY_DIR)/Frameworks",
				);
				GCC_PRECOMPILE_PREFIX_HEADER = YES;
				GCC_PREFIX_HEADER = "Test/Test-Prefix.pch";
				INFOPLIST_FILE = "TestTests/TestTests-Info.plist";
				PRODUCT_NAME = "$(TARGET_NAME)";
				TEST_HOST = "$(BUNDLE_LOADER)";
				WRAPPER_EXTENSION = octest;
			};
			name = Debug;
		};
		5043C4EF152C9138007FE92E /* Release */ = {
			isa = XCBuildConfiguration;
			buildSettings = {
				BUNDLE_LOADER = "$(BUILT_PRODUCTS_DIR)/Test.app/Test";
				FRAMEWORK_SEARCH_PATHS = (
					"$(SDKROOT)/Developer/Library/Frameworks",
					"$(DEVELOPER_LIBRARY_DIR)/Frameworks",
				);
				GCC_PRECOMPILE_PREFIX_HEADER = YES;
				GCC_PREFIX_HEADER = "Test/Test-Prefix.pch";
				INFOPLIST_FILE = "TestTests/TestTests-Info.plist";
				PRODUCT_NAME = "$(TARGET_NAME)";
				TEST_HOST = "$(BUNDLE_LOADER)";
				WRAPPER_EXTENSION = octest;
			};
			name = Release;
		};
/* End XCBuildConfiguration section */

/* Begin XCConfigurationList section */
		5043C4B1152C9138007FE92E /* Build configuration list for PBXProject "Test" */ = {
			isa = XCConfigurationList;
			buildConfigurations = (
				5043C4E8152C9138007FE92E /* Debug */,
				5043C4E9152C9138007FE92E /* Release */,
			);
			defaultConfigurationIsVisible = 0;
			defaultConfigurationName = Release;
		};
		5043C4EA152C9138007FE92E /* Build configuration list for PBXNativeTarget "Test" */ = {
			isa = XCConfigurationList;
			buildConfigurations = (
				5043C4EB152C9138007FE92E /* Debug */,
				5043C4EC152C9138007FE92E /* Release */,
			);
			defaultConfigurationIsVisible = 0;
		};
		5043C4ED152C9138007FE92E /* Build configuration list for PBXNativeTarget "TestTests" */ = {
			isa = XCConfigurationList;
			buildConfigurations = (
				5043C4EE152C9138007FE92E /* Debug */,
				5043C4EF152C9138007FE92E /* Release */,
			);
			defaultConfigurationIsVisible = 0;
		};
/* End XCConfigurationList section */
	};
	rootObject = 5043C4AE152C9138007FE92E /* Project object */;
}
