// !$*UTF8*$!
{
	archiveVersion = 1;
	classes = {
	};
	objectVersion = 46;
	objects = {

/* Begin PBXBuildFile section */
		5069366F13E968210009D674 /* UIKit.framework in Frameworks */ = {isa = PBXBuildFile; fileRef = 5069366E13E968210009D674 /* UIKit.framework */; };
		5069367113E968210009D674 /* Foundation.framework in Frameworks */ = {isa = PBXBuildFile; fileRef = 5069367013E968210009D674 /* Foundation.framework */; };
		5069367313E968210009D674 /* CoreGraphics.framework in Frameworks */ = {isa = PBXBuildFile; fileRef = 5069367213E968210009D674 /* CoreGraphics.framework */; };
		5069367913E968210009D674 /* InfoPlist.strings in Resources */ = {isa = PBXBuildFile; fileRef = 5069367713E968210009D674 /* InfoPlist.strings */; };
		5069367C13E968210009D674 /* main.m in Sources */ = {isa = PBXBuildFile; fileRef = 5069367B13E968210009D674 /* main.m */; };
		5069367F13E968210009D674 /* CountdownAppDelegate.m in Sources */ = {isa = PBXBuildFile; fileRef = 5069367E13E968210009D674 /* CountdownAppDelegate.m */; };
		5069368213E968210009D674 /* MainWindow.xib in Resources */ = {isa = PBXBuildFile; fileRef = 5069368013E968210009D674 /* MainWindow.xib */; };
		5069368513E968210009D674 /* DateController.m in Sources */ = {isa = PBXBuildFile; fileRef = 5069368413E968210009D674 /* DateController.m */; };
		5069368813E968210009D674 /* CountDownController.m in Sources */ = {isa = PBXBuildFile; fileRef = 5069368713E968210009D674 /* CountDownController.m */; };
		5069368B13E968210009D674 /* DateController.xib in Resources */ = {isa = PBXBuildFile; fileRef = 5069368913E968210009D674 /* DateController.xib */; };
		5069368E13E968210009D674 /* CountDownController.xib in Resources */ = {isa = PBXBuildFile; fileRef = 5069368C13E968210009D674 /* CountDownController.xib */; };
		5069369513E968210009D674 /* UIKit.framework in Frameworks */ = {isa = PBXBuildFile; fileRef = 5069366E13E968210009D674 /* UIKit.framework */; };
		5069369613E968210009D674 /* Foundation.framework in Frameworks */ = {isa = PBXBuildFile; fileRef = 5069367013E968210009D674 /* Foundation.framework */; };
		5069369713E968210009D674 /* CoreGraphics.framework in Frameworks */ = {isa = PBXBuildFile; fileRef = 5069367213E968210009D674 /* CoreGraphics.framework */; };
		5069369F13E968210009D674 /* InfoPlist.strings in Resources */ = {isa = PBXBuildFile; fileRef = 5069369D13E968210009D674 /* InfoPlist.strings */; };
		506936A213E968210009D674 /* CountdownTests.h in Resources */ = {isa = PBXBuildFile; fileRef = 506936A113E968210009D674 /* CountdownTests.h */; };
		506936A413E968210009D674 /* CountdownTests.m in Sources */ = {isa = PBXBuildFile; fileRef = 506936A313E968210009D674 /* CountdownTests.m */; };
		507A794B13EAF3DC00D01ED6 /* TimeController.m in Sources */ = {isa = PBXBuildFile; fileRef = 507A794913EAF3DC00D01ED6 /* TimeController.m */; };
		507A794C13EAF3DC00D01ED6 /* TimeController.xib in Resources */ = {isa = PBXBuildFile; fileRef = 507A794A13EAF3DC00D01ED6 /* TimeController.xib */; };
/* End PBXBuildFile section */

/* Begin PBXContainerItemProxy section */
		5069369813E968210009D674 /* PBXContainerItemProxy */ = {
			isa = PBXContainerItemProxy;
			containerPortal = 5069366113E968210009D674 /* Project object */;
			proxyType = 1;
			remoteGlobalIDString = 5069366913E968210009D674;
			remoteInfo = Countdown;
		};
/* End PBXContainerItemProxy section */

/* Begin PBXFileReference section */
		5069366A13E968210009D674 /* Countdown.app */ = {isa = PBXFileReference; explicitFileType = wrapper.application; includeInIndex = 0; path = Countdown.app; sourceTree = BUILT_PRODUCTS_DIR; };
		5069366E13E968210009D674 /* UIKit.framework */ = {isa = PBXFileReference; lastKnownFileType = wrapper.framework; name = UIKit.framework; path = System/Library/Frameworks/UIKit.framework; sourceTree = SDKROOT; };
		5069367013E968210009D674 /* Foundation.framework */ = {isa = PBXFileReference; lastKnownFileType = wrapper.framework; name = Foundation.framework; path = System/Library/Frameworks/Foundation.framework; sourceTree = SDKROOT; };
		5069367213E968210009D674 /* CoreGraphics.framework */ = {isa = PBXFileReference; lastKnownFileType = wrapper.framework; name = CoreGraphics.framework; path = System/Library/Frameworks/CoreGraphics.framework; sourceTree = SDKROOT; };
		5069367613E968210009D674 /* Countdown-Info.plist */ = {isa = PBXFileReference; lastKnownFileType = text.plist.xml; path = "Countdown-Info.plist"; sourceTree = "<group>"; };
		5069367813E968210009D674 /* en */ = {isa = PBXFileReference; lastKnownFileType = text.plist.strings; name = en; path = en.lproj/InfoPlist.strings; sourceTree = "<group>"; };
		5069367A13E968210009D674 /* Countdown-Prefix.pch */ = {isa = PBXFileReference; lastKnownFileType = sourcecode.c.h; path = "Countdown-Prefix.pch"; sourceTree = "<group>"; };
		5069367B13E968210009D674 /* main.m */ = {isa = PBXFileReference; lastKnownFileType = sourcecode.c.objc; path = main.m; sourceTree = "<group>"; };
		5069367D13E968210009D674 /* CountdownAppDelegate.h */ = {isa = PBXFileReference; lastKnownFileType = sourcecode.c.h; path = CountdownAppDelegate.h; sourceTree = "<group>"; };
		5069367E13E968210009D674 /* CountdownAppDelegate.m */ = {isa = PBXFileReference; lastKnownFileType = sourcecode.c.objc; path = CountdownAppDelegate.m; sourceTree = "<group>"; };
		5069368113E968210009D674 /* en */ = {isa = PBXFileReference; lastKnownFileType = file.xib; name = en; path = en.lproj/MainWindow.xib; sourceTree = "<group>"; };
		5069368313E968210009D674 /* DateController.h */ = {isa = PBXFileReference; lastKnownFileType = sourcecode.c.h; path = DateController.h; sourceTree = "<group>"; };
		5069368413E968210009D674 /* DateController.m */ = {isa = PBXFileReference; lastKnownFileType = sourcecode.c.objc; path = DateController.m; sourceTree = "<group>"; };
		5069368613E968210009D674 /* CountDownController.h */ = {isa = PBXFileReference; lastKnownFileType = sourcecode.c.h; path = CountDownController.h; sourceTree = "<group>"; };
		5069368713E968210009D674 /* CountDownController.m */ = {isa = PBXFileReference; lastKnownFileType = sourcecode.c.objc; path = CountDownController.m; sourceTree = "<group>"; };
		5069368A13E968210009D674 /* en */ = {isa = PBXFileReference; lastKnownFileType = file.xib; name = en; path = en.lproj/DateController.xib; sourceTree = "<group>"; };
		5069368D13E968210009D674 /* en */ = {isa = PBXFileReference; lastKnownFileType = file.xib; name = en; path = en.lproj/CountDownController.xib; sourceTree = "<group>"; };
		5069369413E968210009D674 /* CountdownTests.octest */ = {isa = PBXFileReference; explicitFileType = wrapper.cfbundle; includeInIndex = 0; path = CountdownTests.octest; sourceTree = BUILT_PRODUCTS_DIR; };
		5069369C13E968210009D674 /* CountdownTests-Info.plist */ = {isa = PBXFileReference; lastKnownFileType = text.plist.xml; path = "CountdownTests-Info.plist"; sourceTree = "<group>"; };
		5069369E13E968210009D674 /* en */ = {isa = PBXFileReference; lastKnownFileType = text.plist.strings; name = en; path = en.lproj/InfoPlist.strings; sourceTree = "<group>"; };
		506936A013E968210009D674 /* CountdownTests-Prefix.pch */ = {isa = PBXFileReference; lastKnownFileType = sourcecode.c.h; path = "CountdownTests-Prefix.pch"; sourceTree = "<group>"; };
		506936A113E968210009D674 /* CountdownTests.h */ = {isa = PBXFileReference; lastKnownFileType = sourcecode.c.h; path = CountdownTests.h; sourceTree = "<group>"; };
		506936A313E968210009D674 /* CountdownTests.m */ = {isa = PBXFileReference; lastKnownFileType = sourcecode.c.objc; path = CountdownTests.m; sourceTree = "<group>"; };
		507A794813EAF3DC00D01ED6 /* TimeController.h */ = {isa = PBXFileReference; fileEncoding = 4; lastKnownFileType = sourcecode.c.h; path = TimeController.h; sourceTree = "<group>"; };
		507A794913EAF3DC00D01ED6 /* TimeController.m */ = {isa = PBXFileReference; fileEncoding = 4; lastKnownFileType = sourcecode.c.objc; path = TimeController.m; sourceTree = "<group>"; };
		507A794A13EAF3DC00D01ED6 /* TimeController.xib */ = {isa = PBXFileReference; fileEncoding = 4; lastKnownFileType = file.xib; path = TimeController.xib; sourceTree = "<group>"; };
/* End PBXFileReference section */

/* Begin PBXFrameworksBuildPhase section */
		5069366713E968210009D674 /* Frameworks */ = {
			isa = PBXFrameworksBuildPhase;
			buildActionMask = 2147483647;
			files = (
				5069366F13E968210009D674 /* UIKit.framework in Frameworks */,
				5069367113E968210009D674 /* Foundation.framework in Frameworks */,
				5069367313E968210009D674 /* CoreGraphics.framework in Frameworks */,
			);
			runOnlyForDeploymentPostprocessing = 0;
		};
		5069369013E968210009D674 /* Frameworks */ = {
			isa = PBXFrameworksBuildPhase;
			buildActionMask = 2147483647;
			files = (
				5069369513E968210009D674 /* UIKit.framework in Frameworks */,
				5069369613E968210009D674 /* Foundation.framework in Frameworks */,
				5069369713E968210009D674 /* CoreGraphics.framework in Frameworks */,
			);
			runOnlyForDeploymentPostprocessing = 0;
		};
/* End PBXFrameworksBuildPhase section */

/* Begin PBXGroup section */
		5069365F13E968210009D674 = {
			isa = PBXGroup;
			children = (
				5069367413E968210009D674 /* Countdown */,
				5069369A13E968210009D674 /* CountdownTests */,
				5069366D13E968210009D674 /* Frameworks */,
				5069366B13E968210009D674 /* Products */,
			);
			sourceTree = "<group>";
		};
		5069366B13E968210009D674 /* Products */ = {
			isa = PBXGroup;
			children = (
				5069366A13E968210009D674 /* Countdown.app */,
				5069369413E968210009D674 /* CountdownTests.octest */,
			);
			name = Products;
			sourceTree = "<group>";
		};
		5069366D13E968210009D674 /* Frameworks */ = {
			isa = PBXGroup;
			children = (
				5069366E13E968210009D674 /* UIKit.framework */,
				5069367013E968210009D674 /* Foundation.framework */,
				5069367213E968210009D674 /* CoreGraphics.framework */,
			);
			name = Frameworks;
			sourceTree = "<group>";
		};
		5069367413E968210009D674 /* Countdown */ = {
			isa = PBXGroup;
			children = (
				5069367D13E968210009D674 /* CountdownAppDelegate.h */,
				5069367E13E968210009D674 /* CountdownAppDelegate.m */,
				5069368013E968210009D674 /* MainWindow.xib */,
				5069368313E968210009D674 /* DateController.h */,
				5069368413E968210009D674 /* DateController.m */,
				5069368913E968210009D674 /* DateController.xib */,
				507A794813EAF3DC00D01ED6 /* TimeController.h */,
				507A794913EAF3DC00D01ED6 /* TimeController.m */,
				507A794A13EAF3DC00D01ED6 /* TimeController.xib */,
				5069368613E968210009D674 /* CountDownController.h */,
				5069368713E968210009D674 /* CountDownController.m */,
				5069368C13E968210009D674 /* CountDownController.xib */,
				5069367513E968210009D674 /* Supporting Files */,
			);
			path = Countdown;
			sourceTree = "<group>";
		};
		5069367513E968210009D674 /* Supporting Files */ = {
			isa = PBXGroup;
			children = (
				5069367613E968210009D674 /* Countdown-Info.plist */,
				5069367713E968210009D674 /* InfoPlist.strings */,
				5069367A13E968210009D674 /* Countdown-Prefix.pch */,
				5069367B13E968210009D674 /* main.m */,
			);
			name = "Supporting Files";
			sourceTree = "<group>";
		};
		5069369A13E968210009D674 /* CountdownTests */ = {
			isa = PBXGroup;
			children = (
				506936A113E968210009D674 /* CountdownTests.h */,
				506936A313E968210009D674 /* CountdownTests.m */,
				5069369B13E968210009D674 /* Supporting Files */,
			);
			path = CountdownTests;
			sourceTree = "<group>";
		};
		5069369B13E968210009D674 /* Supporting Files */ = {
			isa = PBXGroup;
			children = (
				5069369C13E968210009D674 /* CountdownTests-Info.plist */,
				5069369D13E968210009D674 /* InfoPlist.strings */,
				506936A013E968210009D674 /* CountdownTests-Prefix.pch */,
			);
			name = "Supporting Files";
			sourceTree = "<group>";
		};
/* End PBXGroup section */

/* Begin PBXNativeTarget section */
		5069366913E968210009D674 /* Countdown */ = {
			isa = PBXNativeTarget;
			buildConfigurationList = 506936A713E968210009D674 /* Build configuration list for PBXNativeTarget "Countdown" */;
			buildPhases = (
				5069366613E968210009D674 /* Sources */,
				5069366713E968210009D674 /* Frameworks */,
				5069366813E968210009D674 /* Resources */,
			);
			buildRules = (
			);
			dependencies = (
			);
			name = Countdown;
			productName = Countdown;
			productReference = 5069366A13E968210009D674 /* Countdown.app */;
			productType = "com.apple.product-type.application";
		};
		5069369313E968210009D674 /* CountdownTests */ = {
			isa = PBXNativeTarget;
			buildConfigurationList = 506936AA13E968210009D674 /* Build configuration list for PBXNativeTarget "CountdownTests" */;
			buildPhases = (
				5069368F13E968210009D674 /* Sources */,
				5069369013E968210009D674 /* Frameworks */,
				5069369113E968210009D674 /* Resources */,
				5069369213E968210009D674 /* ShellScript */,
			);
			buildRules = (
			);
			dependencies = (
				5069369913E968210009D674 /* PBXTargetDependency */,
			);
			name = CountdownTests;
			productName = CountdownTests;
			productReference = 5069369413E968210009D674 /* CountdownTests.octest */;
			productType = "com.apple.product-type.bundle";
		};
/* End PBXNativeTarget section */

/* Begin PBXProject section */
		5069366113E968210009D674 /* Project object */ = {
			isa = PBXProject;
			buildConfigurationList = 5069366413E968210009D674 /* Build configuration list for PBXProject "Countdown" */;
			compatibilityVersion = "Xcode 3.2";
			developmentRegion = English;
			hasScannedForEncodings = 0;
			knownRegions = (
				en,
			);
			mainGroup = 5069365F13E968210009D674;
			productRefGroup = 5069366B13E968210009D674 /* Products */;
			projectDirPath = "";
			projectRoot = "";
			targets = (
				5069366913E968210009D674 /* Countdown */,
				5069369313E968210009D674 /* CountdownTests */,
			);
		};
/* End PBXProject section */

/* Begin PBXResourcesBuildPhase section */
		5069366813E968210009D674 /* Resources */ = {
			isa = PBXResourcesBuildPhase;
			buildActionMask = 2147483647;
			files = (
				5069367913E968210009D674 /* InfoPlist.strings in Resources */,
				5069368213E968210009D674 /* MainWindow.xib in Resources */,
				5069368B13E968210009D674 /* DateController.xib in Resources */,
				5069368E13E968210009D674 /* CountDownController.xib in Resources */,
				507A794C13EAF3DC00D01ED6 /* TimeController.xib in Resources */,
			);
			runOnlyForDeploymentPostprocessing = 0;
		};
		5069369113E968210009D674 /* Resources */ = {
			isa = PBXResourcesBuildPhase;
			buildActionMask = 2147483647;
			files = (
				5069369F13E968210009D674 /* InfoPlist.strings in Resources */,
				506936A213E968210009D674 /* CountdownTests.h in Resources */,
			);
			runOnlyForDeploymentPostprocessing = 0;
		};
/* End PBXResourcesBuildPhase section */

/* Begin PBXShellScriptBuildPhase section */
		5069369213E968210009D674 /* ShellScript */ = {
			isa = PBXShellScriptBuildPhase;
			buildActionMask = 2147483647;
			files = (
			);
			inputPaths = (
			);
			outputPaths = (
			);
			runOnlyForDeploymentPostprocessing = 0;
			shellPath = /bin/sh;
			shellScript = "# Run the unit tests in this test bundle.\n\"${SYSTEM_DEVELOPER_DIR}/Tools/RunUnitTests\"\n";
		};
/* End PBXShellScriptBuildPhase section */

/* Begin PBXSourcesBuildPhase section */
		5069366613E968210009D674 /* Sources */ = {
			isa = PBXSourcesBuildPhase;
			buildActionMask = 2147483647;
			files = (
				5069367C13E968210009D674 /* main.m in Sources */,
				5069367F13E968210009D674 /* CountdownAppDelegate.m in Sources */,
				5069368513E968210009D674 /* DateController.m in Sources */,
				5069368813E968210009D674 /* CountDownController.m in Sources */,
				507A794B13EAF3DC00D01ED6 /* TimeController.m in Sources */,
			);
			runOnlyForDeploymentPostprocessing = 0;
		};
		5069368F13E968210009D674 /* Sources */ = {
			isa = PBXSourcesBuildPhase;
			buildActionMask = 2147483647;
			files = (
				506936A413E968210009D674 /* CountdownTests.m in Sources */,
			);
			runOnlyForDeploymentPostprocessing = 0;
		};
/* End PBXSourcesBuildPhase section */

/* Begin PBXTargetDependency section */
		5069369913E968210009D674 /* PBXTargetDependency */ = {
			isa = PBXTargetDependency;
			target = 5069366913E968210009D674 /* Countdown */;
			targetProxy = 5069369813E968210009D674 /* PBXContainerItemProxy */;
		};
/* End PBXTargetDependency section */

/* Begin PBXVariantGroup section */
		5069367713E968210009D674 /* InfoPlist.strings */ = {
			isa = PBXVariantGroup;
			children = (
				5069367813E968210009D674 /* en */,
			);
			name = InfoPlist.strings;
			sourceTree = "<group>";
		};
		5069368013E968210009D674 /* MainWindow.xib */ = {
			isa = PBXVariantGroup;
			children = (
				5069368113E968210009D674 /* en */,
			);
			name = MainWindow.xib;
			sourceTree = "<group>";
		};
		5069368913E968210009D674 /* DateController.xib */ = {
			isa = PBXVariantGroup;
			children = (
				5069368A13E968210009D674 /* en */,
			);
			name = DateController.xib;
			sourceTree = "<group>";
		};
		5069368C13E968210009D674 /* CountDownController.xib */ = {
			isa = PBXVariantGroup;
			children = (
				5069368D13E968210009D674 /* en */,
			);
			name = CountDownController.xib;
			sourceTree = "<group>";
		};
		5069369D13E968210009D674 /* InfoPlist.strings */ = {
			isa = PBXVariantGroup;
			children = (
				5069369E13E968210009D674 /* en */,
			);
			name = InfoPlist.strings;
			sourceTree = "<group>";
		};
/* End PBXVariantGroup section */

/* Begin XCBuildConfiguration section */
		506936A513E968210009D674 /* Debug */ = {
			isa = XCBuildConfiguration;
			buildSettings = {
				ARCHS = "$(ARCHS_STANDARD_32_BIT)";
				"CODE_SIGN_IDENTITY[sdk=iphoneos*]" = "iPhone Distribution: MR D GARCIA GOMES";
				GCC_C_LANGUAGE_STANDARD = gnu99;
				GCC_OPTIMIZATION_LEVEL = 0;
				GCC_PREPROCESSOR_DEFINITIONS = DEBUG;
				GCC_SYMBOLS_PRIVATE_EXTERN = NO;
				GCC_VERSION = com.apple.compilers.llvmgcc42;
				GCC_WARN_ABOUT_RETURN_TYPE = YES;
				GCC_WARN_UNUSED_VARIABLE = YES;
				IPHONEOS_DEPLOYMENT_TARGET = 3.1.3;
				"PROVISIONING_PROFILE[sdk=iphoneos*]" = "DD7D8028-368D-4410-AF4A-5A54F36BD5ED";
				SDKROOT = iphoneos;
			};
			name = Debug;
		};
		506936A613E968210009D674 /* Release */ = {
			isa = XCBuildConfiguration;
			buildSettings = {
				ARCHS = "$(ARCHS_STANDARD_32_BIT)";
				"CODE_SIGN_IDENTITY[sdk=iphoneos*]" = "iPhone Distribution: MR D GARCIA GOMES";
				GCC_C_LANGUAGE_STANDARD = gnu99;
				GCC_VERSION = com.apple.compilers.llvmgcc42;
				GCC_WARN_ABOUT_RETURN_TYPE = YES;
				GCC_WARN_UNUSED_VARIABLE = YES;
				IPHONEOS_DEPLOYMENT_TARGET = 3.1.3;
				OTHER_CFLAGS = "-DNS_BLOCK_ASSERTIONS=1";
				"PROVISIONING_PROFILE[sdk=iphoneos*]" = "DD7D8028-368D-4410-AF4A-5A54F36BD5ED";
				SDKROOT = iphoneos;
			};
			name = Release;
		};
		506936A813E968210009D674 /* Debug */ = {
			isa = XCBuildConfiguration;
			buildSettings = {
				ALWAYS_SEARCH_USER_PATHS = NO;
				COPY_PHASE_STRIP = NO;
				GCC_DYNAMIC_NO_PIC = NO;
				GCC_PRECOMPILE_PREFIX_HEADER = YES;
				GCC_PREFIX_HEADER = "Countdown/Countdown-Prefix.pch";
				INFOPLIST_FILE = "Countdown/Countdown-Info.plist";
				PRODUCT_NAME = "$(TARGET_NAME)";
				WRAPPER_EXTENSION = app;
			};
			name = Debug;
		};
		506936A913E968210009D674 /* Release */ = {
			isa = XCBuildConfiguration;
			buildSettings = {
				ALWAYS_SEARCH_USER_PATHS = NO;
				COPY_PHASE_STRIP = YES;
				GCC_PRECOMPILE_PREFIX_HEADER = YES;
				GCC_PREFIX_HEADER = "Countdown/Countdown-Prefix.pch";
				INFOPLIST_FILE = "Countdown/Countdown-Info.plist";
				PRODUCT_NAME = "$(TARGET_NAME)";
				VALIDATE_PRODUCT = YES;
				WRAPPER_EXTENSION = app;
			};
			name = Release;
		};
		506936AB13E968210009D674 /* Debug */ = {
			isa = XCBuildConfiguration;
			buildSettings = {
				ALWAYS_SEARCH_USER_PATHS = NO;
				BUNDLE_LOADER = "$(BUILT_PRODUCTS_DIR)/Countdown.app/Countdown";
				FRAMEWORK_SEARCH_PATHS = (
					"$(SDKROOT)/Developer/Library/Frameworks",
					"$(DEVELOPER_LIBRARY_DIR)/Frameworks",
				);
				GCC_PRECOMPILE_PREFIX_HEADER = YES;
				GCC_PREFIX_HEADER = "CountdownTests/CountdownTests-Prefix.pch";
				INFOPLIST_FILE = "CountdownTests/CountdownTests-Info.plist";
				OTHER_LDFLAGS = (
					"-framework",
					SenTestingKit,
				);
				PRODUCT_NAME = "$(TARGET_NAME)";
				TEST_HOST = "$(BUNDLE_LOADER)";
				WRAPPER_EXTENSION = octest;
			};
			name = Debug;
		};
		506936AC13E968210009D674 /* Release */ = {
			isa = XCBuildConfiguration;
			buildSettings = {
				ALWAYS_SEARCH_USER_PATHS = NO;
				BUNDLE_LOADER = "$(BUILT_PRODUCTS_DIR)/Countdown.app/Countdown";
				FRAMEWORK_SEARCH_PATHS = (
					"$(SDKROOT)/Developer/Library/Frameworks",
					"$(DEVELOPER_LIBRARY_DIR)/Frameworks",
				);
				GCC_PRECOMPILE_PREFIX_HEADER = YES;
				GCC_PREFIX_HEADER = "CountdownTests/CountdownTests-Prefix.pch";
				INFOPLIST_FILE = "CountdownTests/CountdownTests-Info.plist";
				OTHER_LDFLAGS = (
					"-framework",
					SenTestingKit,
				);
				PRODUCT_NAME = "$(TARGET_NAME)";
				TEST_HOST = "$(BUNDLE_LOADER)";
				WRAPPER_EXTENSION = octest;
			};
			name = Release;
		};
/* End XCBuildConfiguration section */

/* Begin XCConfigurationList section */
		5069366413E968210009D674 /* Build configuration list for PBXProject "Countdown" */ = {
			isa = XCConfigurationList;
			buildConfigurations = (
				506936A513E968210009D674 /* Debug */,
				506936A613E968210009D674 /* Release */,
			);
			defaultConfigurationIsVisible = 0;
			defaultConfigurationName = Release;
		};
		506936A713E968210009D674 /* Build configuration list for PBXNativeTarget "Countdown" */ = {
			isa = XCConfigurationList;
			buildConfigurations = (
				506936A813E968210009D674 /* Debug */,
				506936A913E968210009D674 /* Release */,
			);
			defaultConfigurationIsVisible = 0;
			defaultConfigurationName = Release;
		};
		506936AA13E968210009D674 /* Build configuration list for PBXNativeTarget "CountdownTests" */ = {
			isa = XCConfigurationList;
			buildConfigurations = (
				506936AB13E968210009D674 /* Debug */,
				506936AC13E968210009D674 /* Release */,
			);
			defaultConfigurationIsVisible = 0;
			defaultConfigurationName = Release;
		};
/* End XCConfigurationList section */
	};
	rootObject = 5069366113E968210009D674 /* Project object */;
}
